{
  "name": "typescript-schema-generator",
  "version": "0.0.1",
  "lockfileVersion": 3,
  "requires": true,
  "packages": {
    "": {
      "name": "typescript-schema-generator",
      "version": "0.0.1",
      "dependencies": {
        "json-schema-to-zod": "^2.7.0",
        "prettier": "^3.6.2",
        "zod": "^4.1.12"
      }
    },
    "node_modules/json-schema-to-zod": {
      "version": "2.7.0",
      "resolved": "https://registry.npmjs.org/json-schema-to-zod/-/json-schema-to-zod-2.7.0.tgz",
      "integrity": "sha512-eW59l3NQ6sa3HcB+Ahf7pP6iGU7MY4we5JsPqXQ2ZcIPF8QxSg/lkY8lN0Js/AG0NjMbk+nZGUfHlceiHF+bwQ==",
      "license": "ISC",
      "bin": {
        "json-schema-to-zod": "dist/cjs/cli.js"
      }
    },
    "node_modules/prettier": {
      "version": "3.6.2",
      "resolved": "https://registry.npmjs.org/prettier/-/prettier-3.6.2.tgz",
      "integrity": "sha512-I7AIg5boAr5R0FFtJ6rCfD+LFsWHp81dolrFD8S79U9tb8Az2nGrJncnMSnys+bpQJfRUzqs9hnA81OAA3hCuQ==",
      "license": "MIT",
      "bin": {
        "prettier": "bin/prettier.cjs"
      },
      "engines": {
        "node": ">=14"
      },
      "funding": {
        "url": "https://github.com/prettier/prettier?sponsor=1"
      }
    },
    "node_modules/zod": {
      "version": "4.1.12",
      "resolved": "https://registry.npmjs.org/zod/-/zod-4.1.12.tgz",
      "integrity": "sha512-JInaHOamG8pt5+Ey8kGmdcAcg3OL9reK8ltczgHTAwNhMys/6ThXHityHxVV2p3fkw/c+MAvBHFVYHFZDmjMCQ==",
      "license": "MIT",
      "funding": {
        "url": "https://github.com/sponsors/colinhacks"
      }
    }
  }
}
